
Microsoft Visual Studio Solution File, Format Version 12.00
# Visual Studio Version 16
VisualStudioVersion = 16.0.29613.14
MinimumVisualStudioVersion = 10.0.40219.1
Project("{9A19103F-16F7-4668-BE54-9A1E7A4F7556}") = "PowerpointAccessories", "PowerpointAccessories\PowerpointAccessories.csproj", "{33936E4B-C98E-4916-A6E5-1373738250BA}"
EndProject
Project("{9A19103F-16F7-4668-BE54-9A1E7A4F7556}") = "Run", "Run\Run.csproj", "{BBD06AF6-3772-436F-92AB-719B9F089AED}"
EndProject
Project("{FAE04EC0-301F-11D3-BF4B-00C04F79EFBC}") = "NUnitTests", "NUnitTests\NUnitTests.csproj", "{F86AAFFC-983D-414F-80F3-F486AA2183EE}"
EndProject
Global
	GlobalSection(SolutionConfigurationPlatforms) = preSolution
		Debug|Any CPU = Debug|Any CPU
		Release|Any CPU = Release|Any CPU
	EndGlobalSection
	GlobalSection(ProjectConfigurationPlatforms) = postSolution
		{33936E4B-C98E-4916-A6E5-1373738250BA}.Debug|Any CPU.ActiveCfg = Debug|Any CPU
		{33936E4B-C98E-4916-A6E5-1373738250BA}.Debug|Any CPU.Build.0 = Debug|Any CPU
		{33936E4B-C98E-4916-A6E5-1373738250BA}.Release|Any CPU.ActiveCfg = Release|Any CPU
		{33936E4B-C98E-4916-A6E5-1373738250BA}.Release|Any CPU.Build.0 = Release|Any CPU
		{BBD06AF6-3772-436F-92AB-719B9F089AED}.Debug|Any CPU.ActiveCfg = Debug|Any CPU
		{BBD06AF6-3772-436F-92AB-719B9F089AED}.Debug|Any CPU.Build.0 = Debug|Any CPU
		{BBD06AF6-3772-436F-92AB-719B9F089AED}.Release|Any CPU.ActiveCfg = Release|Any CPU
		{BBD06AF6-3772-436F-92AB-719B9F089AED}.Release|Any CPU.Build.0 = Release|Any CPU
		{F86AAFFC-983D-414F-80F3-F486AA2183EE}.Debug|Any CPU.ActiveCfg = Debug|Any CPU
		{F86AAFFC-983D-414F-80F3-F486AA2183EE}.Debug|Any CPU.Build.0 = Debug|Any CPU
		{F86AAFFC-983D-414F-80F3-F486AA2183EE}.Release|Any CPU.ActiveCfg = Release|Any CPU
		{F86AAFFC-983D-414F-80F3-F486AA2183EE}.Release|Any CPU.Build.0 = Release|Any CPU
	EndGlobalSection
	GlobalSection(SolutionProperties) = preSolution
		HideSolutionNode = FALSE
	EndGlobalSection
	GlobalSection(ExtensibilityGlobals) = postSolution
		SolutionGuid = {6F2B47A2-0143-48F6-99DA-C4AA84147FCA}
	EndGlobalSection
EndGlobal
